{
  "name": "release-reservations-cron",
  "version": "1.0.0",
  "lockfileVersion": 3,
  "requires": true,
  "packages": {
    "": {
      "name": "release-reservations-cron",
      "version": "1.0.0",
      "license": "ISC",
      "devDependencies": {
        "@cloudflare/workers-types": "^4.20260317.1"
      }
    },
    "node_modules/@cloudflare/workers-types": {
      "version": "4.20260417.1",
      "resolved": "https://registry.npmjs.org/@cloudflare/workers-types/-/workers-types-4.20260417.1.tgz",
      "integrity": "sha512-ke3GkFfFyfSxdLRR6LPbnfYAu3RNKqX0eYfu/FNnluBN9rLgYVqT+QEPgSEx1yq7XTOok+Bub1td9xvknaOz4A==",
      "dev": true,
      "license": "MIT OR Apache-2.0"
    }
  }
}
